{
  "name": "validacao-br",
  "version": "1.0.0",
  "description": "Validação de Campos",
  "main": "src/index.js",
  "scripts": {
    "test": "echo \"Error: no test specified\" && exit 1"
  },
  "repository": {
    "type": "git",
    "url": ""
  },
  "keywords": [
    "validacao",
    "name"
  ],
  "author": "Fabricio Fonseca Pereira Hein <fabricio.hein@live.com>",
  "license": "MIT",
  "bugs": {
        "url": ""

  },
  "homepage": ""
}