{
  "name": "validacao",
  "version": "1.0.0",
  "lockfileVersion": 2,
  "requires": true,
  "author": "Fabricio Fonseca Pereira Hein <fabricio.hein@live.com>",
  "description": "Validação de Campos",
  "homepage": "",
  "keywords": [
    "validacao",
    "name"
  ],
  "license": "MIT",
  "main": "src/index.js",
  "packages": {},
  "bugs": {
    "url": "https://github.com/FabricioHein/validacao/issues"
  },
  "repository": {
    "type": "git",
    "url": "https://github.com/FabricioHein/validacao.git"
  },
  "scripts": {
    "test": "echo \"Error: no test specified\" && exit 1"
  }
}
